
Microsoft Visual Studio Solution File, Format Version 12.00
# Visual Studio Version 17
VisualStudioVersion = 17.7.34024.191
MinimumVisualStudioVersion = 10.0.40219.1
Project("{2150E333-8FDC-42A3-9474-1A3956D46DE8}") = "src", "src", "{72474686-29A1-48B8-9BBB-846B0C1124F3}"
EndProject
Project("{2150E333-8FDC-42A3-9474-1A3956D46DE8}") = "Building Blocks", "Building Blocks", "{1F8A00AA-1FD5-4C1C-B6C0-6B0851BC639D}"
EndProject
Project("{2150E333-8FDC-42A3-9474-1A3956D46DE8}") = "Services", "Services", "{7E755B3F-6CA2-403E-9AB1-69B863770A91}"
EndProject
Project("{2150E333-8FDC-42A3-9474-1A3956D46DE8}") = "Web", "Web", "{02CBDB75-2E7B-421C-A66C-3FF20129C8C9}"
EndProject
Project("{2150E333-8FDC-42A3-9474-1A3956D46DE8}") = "Identity", "Identity", "{6FD7E92E-A133-4FE9-8A79-44ED3A95D482}"
EndProject
Project("{2150E333-8FDC-42A3-9474-1A3956D46DE8}") = "MVC", "MVC", "{A166D12E-8650-43B1-A26C-D89C391A26C8}"
EndProject
Project("{2150E333-8FDC-42A3-9474-1A3956D46DE8}") = "Core", "Core", "{AE0F912C-A8C7-4893-8E3D-F053B25ED338}"
EndProject
Project("{2150E333-8FDC-42A3-9474-1A3956D46DE8}") = "Assets", "Assets", "{A63E8993-8D76-4727-B682-66F362F9845A}"
EndProject
Project("{2150E333-8FDC-42A3-9474-1A3956D46DE8}") = "Database Builder", "Database Builder", "{0FBF496A-940E-4DA7-B009-6BA8226001B1}"
EndProject
Project("{9A19103F-16F7-4668-BE54-9A1E7A4F7556}") = "WEAB.Identity.API", "src\services\WEAB.Identity.API\WEAB.Identity.API.csproj", "{E1BDE114-A39D-4D1E-BE1D-EB150D314A85}"
EndProject
Project("{9A19103F-16F7-4668-BE54-9A1E7A4F7556}") = "WEAB.Core", "src\building blocks\WEAB.Core\WEAB.Core.csproj", "{0D9500A5-AFC4-449C-93CC-F385C706BC2B}"
EndProject
Project("{9A19103F-16F7-4668-BE54-9A1E7A4F7556}") = "WEAB.DatabaseBuilder", "src\building blocks\WEAB.DatabaseBuilder\WEAB.DatabaseBuilder.csproj", "{A227FDA6-D5FA-498F-9C0F-AE69BBF65D51}"
EndProject
Project("{9A19103F-16F7-4668-BE54-9A1E7A4F7556}") = "WEAB.WebApp.MVC", "src\web\WEAB.WebApp.MVC\WEAB.WebApp.MVC.csproj", "{031CDD83-DF37-46FF-9AAC-635D0EC7B598}"
EndProject
Project("{9A19103F-16F7-4668-BE54-9A1E7A4F7556}") = "WEAB.DatabaseBuilder.MVC", "src\web\WEAB.DatabaseBuilder.MVC\WEAB.DatabaseBuilder.MVC.csproj", "{49AF16FE-20AA-4AD3-8778-0CD2B7925EEE}"
EndProject
Global
	GlobalSection(SolutionConfigurationPlatforms) = preSolution
		Debug|Any CPU = Debug|Any CPU
		Release|Any CPU = Release|Any CPU
	EndGlobalSection
	GlobalSection(ProjectConfigurationPlatforms) = postSolution
		{E1BDE114-A39D-4D1E-BE1D-EB150D314A85}.Debug|Any CPU.ActiveCfg = Debug|Any CPU
		{E1BDE114-A39D-4D1E-BE1D-EB150D314A85}.Debug|Any CPU.Build.0 = Debug|Any CPU
		{E1BDE114-A39D-4D1E-BE1D-EB150D314A85}.Release|Any CPU.ActiveCfg = Release|Any CPU
		{E1BDE114-A39D-4D1E-BE1D-EB150D314A85}.Release|Any CPU.Build.0 = Release|Any CPU
		{0D9500A5-AFC4-449C-93CC-F385C706BC2B}.Debug|Any CPU.ActiveCfg = Debug|Any CPU
		{0D9500A5-AFC4-449C-93CC-F385C706BC2B}.Debug|Any CPU.Build.0 = Debug|Any CPU
		{0D9500A5-AFC4-449C-93CC-F385C706BC2B}.Release|Any CPU.ActiveCfg = Release|Any CPU
		{0D9500A5-AFC4-449C-93CC-F385C706BC2B}.Release|Any CPU.Build.0 = Release|Any CPU
		{A227FDA6-D5FA-498F-9C0F-AE69BBF65D51}.Debug|Any CPU.ActiveCfg = Debug|Any CPU
		{A227FDA6-D5FA-498F-9C0F-AE69BBF65D51}.Debug|Any CPU.Build.0 = Debug|Any CPU
		{A227FDA6-D5FA-498F-9C0F-AE69BBF65D51}.Release|Any CPU.ActiveCfg = Release|Any CPU
		{A227FDA6-D5FA-498F-9C0F-AE69BBF65D51}.Release|Any CPU.Build.0 = Release|Any CPU
		{031CDD83-DF37-46FF-9AAC-635D0EC7B598}.Debug|Any CPU.ActiveCfg = Debug|Any CPU
		{031CDD83-DF37-46FF-9AAC-635D0EC7B598}.Debug|Any CPU.Build.0 = Debug|Any CPU
		{031CDD83-DF37-46FF-9AAC-635D0EC7B598}.Release|Any CPU.ActiveCfg = Release|Any CPU
		{031CDD83-DF37-46FF-9AAC-635D0EC7B598}.Release|Any CPU.Build.0 = Release|Any CPU
		{49AF16FE-20AA-4AD3-8778-0CD2B7925EEE}.Debug|Any CPU.ActiveCfg = Debug|Any CPU
		{49AF16FE-20AA-4AD3-8778-0CD2B7925EEE}.Debug|Any CPU.Build.0 = Debug|Any CPU
		{49AF16FE-20AA-4AD3-8778-0CD2B7925EEE}.Release|Any CPU.ActiveCfg = Release|Any CPU
		{49AF16FE-20AA-4AD3-8778-0CD2B7925EEE}.Release|Any CPU.Build.0 = Release|Any CPU
	EndGlobalSection
	GlobalSection(SolutionProperties) = preSolution
		HideSolutionNode = FALSE
	EndGlobalSection
	GlobalSection(NestedProjects) = preSolution
		{1F8A00AA-1FD5-4C1C-B6C0-6B0851BC639D} = {72474686-29A1-48B8-9BBB-846B0C1124F3}
		{7E755B3F-6CA2-403E-9AB1-69B863770A91} = {72474686-29A1-48B8-9BBB-846B0C1124F3}
		{02CBDB75-2E7B-421C-A66C-3FF20129C8C9} = {72474686-29A1-48B8-9BBB-846B0C1124F3}
		{6FD7E92E-A133-4FE9-8A79-44ED3A95D482} = {7E755B3F-6CA2-403E-9AB1-69B863770A91}
		{A166D12E-8650-43B1-A26C-D89C391A26C8} = {02CBDB75-2E7B-421C-A66C-3FF20129C8C9}
		{AE0F912C-A8C7-4893-8E3D-F053B25ED338} = {1F8A00AA-1FD5-4C1C-B6C0-6B0851BC639D}
		{A63E8993-8D76-4727-B682-66F362F9845A} = {7E755B3F-6CA2-403E-9AB1-69B863770A91}
		{0FBF496A-940E-4DA7-B009-6BA8226001B1} = {1F8A00AA-1FD5-4C1C-B6C0-6B0851BC639D}
		{E1BDE114-A39D-4D1E-BE1D-EB150D314A85} = {6FD7E92E-A133-4FE9-8A79-44ED3A95D482}
		{0D9500A5-AFC4-449C-93CC-F385C706BC2B} = {AE0F912C-A8C7-4893-8E3D-F053B25ED338}
		{A227FDA6-D5FA-498F-9C0F-AE69BBF65D51} = {0FBF496A-940E-4DA7-B009-6BA8226001B1}
		{031CDD83-DF37-46FF-9AAC-635D0EC7B598} = {A166D12E-8650-43B1-A26C-D89C391A26C8}
		{49AF16FE-20AA-4AD3-8778-0CD2B7925EEE} = {A166D12E-8650-43B1-A26C-D89C391A26C8}
	EndGlobalSection
	GlobalSection(ExtensibilityGlobals) = postSolution
		SolutionGuid = {8653B20A-070A-483A-8830-6D7106D2AE1E}
	EndGlobalSection
EndGlobal
